
Microsoft Visual Studio Solution File, Format Version 12.00
# Visual Studio Version 17
VisualStudioVersion = 17.4.33103.184
MinimumVisualStudioVersion = 10.0.40219.1
Project("{FAE04EC0-301F-11D3-BF4B-00C04F79EFBC}") = "collection_demo", "collection_demo\collection_demo.csproj", "{69ECDA5C-4036-41DC-89E6-D56E44CAD871}"
EndProject
Global
	GlobalSection(SolutionConfigurationPlatforms) = preSolution
		Debug|Any CPU = Debug|Any CPU
		Release|Any CPU = Release|Any CPU
	EndGlobalSection
	GlobalSection(ProjectConfigurationPlatforms) = postSolution
		{69ECDA5C-4036-41DC-89E6-D56E44CAD871}.Debug|Any CPU.ActiveCfg = Debug|Any CPU
		{69ECDA5C-4036-41DC-89E6-D56E44CAD871}.Debug|Any CPU.Build.0 = Debug|Any CPU
		{69ECDA5C-4036-41DC-89E6-D56E44CAD871}.Release|Any CPU.ActiveCfg = Release|Any CPU
		{69ECDA5C-4036-41DC-89E6-D56E44CAD871}.Release|Any CPU.Build.0 = Release|Any CPU
	EndGlobalSection
	GlobalSection(SolutionProperties) = preSolution
		HideSolutionNode = FALSE
	EndGlobalSection
	GlobalSection(ExtensibilityGlobals) = postSolution
		SolutionGuid = {3DC2F046-197D-476D-A584-19902FC45B39}
	EndGlobalSection
EndGlobal
