
Microsoft Visual Studio Solution File, Format Version 12.00
# Visual Studio Version 17
VisualStudioVersion = 17.4.33103.184
MinimumVisualStudioVersion = 10.0.40219.1
Project("{FAE04EC0-301F-11D3-BF4B-00C04F79EFBC}") = "FileIO_demo", "FileIO_demo\FileIO_demo.csproj", "{65EA09F9-2E5B-473C-8AE0-FF478B985058}"
EndProject
Global
	GlobalSection(SolutionConfigurationPlatforms) = preSolution
		Debug|Any CPU = Debug|Any CPU
		Release|Any CPU = Release|Any CPU
	EndGlobalSection
	GlobalSection(ProjectConfigurationPlatforms) = postSolution
		{65EA09F9-2E5B-473C-8AE0-FF478B985058}.Debug|Any CPU.ActiveCfg = Debug|Any CPU
		{65EA09F9-2E5B-473C-8AE0-FF478B985058}.Debug|Any CPU.Build.0 = Debug|Any CPU
		{65EA09F9-2E5B-473C-8AE0-FF478B985058}.Release|Any CPU.ActiveCfg = Release|Any CPU
		{65EA09F9-2E5B-473C-8AE0-FF478B985058}.Release|Any CPU.Build.0 = Release|Any CPU
	EndGlobalSection
	GlobalSection(SolutionProperties) = preSolution
		HideSolutionNode = FALSE
	EndGlobalSection
	GlobalSection(ExtensibilityGlobals) = postSolution
		SolutionGuid = {3FCA41AB-3578-4AC8-867C-931D3ACDD983}
	EndGlobalSection
EndGlobal
