
Microsoft Visual Studio Solution File, Format Version 12.00
# Visual Studio Version 17
VisualStudioVersion = 17.4.33103.184
MinimumVisualStudioVersion = 10.0.40219.1
Project("{FAE04EC0-301F-11D3-BF4B-00C04F79EFBC}") = "employeeManagement", "employeeManagement\employeeManagement.csproj", "{19839814-9279-43BA-A282-4C65820BD744}"
EndProject
Global
	GlobalSection(SolutionConfigurationPlatforms) = preSolution
		Debug|Any CPU = Debug|Any CPU
		Release|Any CPU = Release|Any CPU
	EndGlobalSection
	GlobalSection(ProjectConfigurationPlatforms) = postSolution
		{19839814-9279-43BA-A282-4C65820BD744}.Debug|Any CPU.ActiveCfg = Debug|Any CPU
		{19839814-9279-43BA-A282-4C65820BD744}.Debug|Any CPU.Build.0 = Debug|Any CPU
		{19839814-9279-43BA-A282-4C65820BD744}.Release|Any CPU.ActiveCfg = Release|Any CPU
		{19839814-9279-43BA-A282-4C65820BD744}.Release|Any CPU.Build.0 = Release|Any CPU
	EndGlobalSection
	GlobalSection(SolutionProperties) = preSolution
		HideSolutionNode = FALSE
	EndGlobalSection
	GlobalSection(ExtensibilityGlobals) = postSolution
		SolutionGuid = {58CFD35F-978D-4776-808B-F0FA188E35C6}
	EndGlobalSection
EndGlobal
